Microsoft Visual Studio Solution File, Format Version 12.00
# Visual Studio Version 17
VisualStudioVersion = 17.5.2.0
MinimumVisualStudioVersion = 10.0.40219.1
Project("{FAE04EC0-301F-11D3-BF4B-00C04F79EFBC}") = "MVC0619Final_tempera", "MVC0619Final_tempera.csproj", "{5CCFA49E-4547-8ADD-889C-5513618AFF28}"
EndProject
Global
	GlobalSection(SolutionConfigurationPlatforms) = preSolution
		Debug|Any CPU = Debug|Any CPU
		Release|Any CPU = Release|Any CPU
	EndGlobalSection
	GlobalSection(ProjectConfigurationPlatforms) = postSolution
		{5CCFA49E-4547-8ADD-889C-5513618AFF28}.Debug|Any CPU.ActiveCfg = Debug|Any CPU
		{5CCFA49E-4547-8ADD-889C-5513618AFF28}.Debug|Any CPU.Build.0 = Debug|Any CPU
		{5CCFA49E-4547-8ADD-889C-5513618AFF28}.Release|Any CPU.ActiveCfg = Release|Any CPU
		{5CCFA49E-4547-8ADD-889C-5513618AFF28}.Release|Any CPU.Build.0 = Release|Any CPU
	EndGlobalSection
	GlobalSection(SolutionProperties) = preSolution
		HideSolutionNode = FALSE
	EndGlobalSection
	GlobalSection(ExtensibilityGlobals) = postSolution
		SolutionGuid = {009FD225-352B-4065-80AC-78A445BADC4E}
	EndGlobalSection
EndGlobal
